
Microsoft Visual Studio Solution File, Format Version 12.00
# Visual Studio Version 17
VisualStudioVersion = 17.0.31903.59
MinimumVisualStudioVersion = 10.0.40219.1
Project("{2150E333-8FDC-42A3-9474-1A3956D46DE8}") = "src", "src", "{827E0CD3-B72D-47B6-A68D-7590B98EB39B}"
EndProject
Project("{FAE04EC0-301F-11D3-BF4B-00C04F79EFBC}") = "AiEmployee.Api", "src\AiEmployee.Api\AiEmployee.Api.csproj", "{3FB34876-90FB-4AAE-88F9-1A5601A23214}"
EndProject
Project("{FAE04EC0-301F-11D3-BF4B-00C04F79EFBC}") = "AiEmployee.Application", "src\AiEmployee.Application\AiEmployee.Application.csproj", "{77A4A01C-8B96-4C3A-A7B1-9AAF19057F2D}"
EndProject
Project("{FAE04EC0-301F-11D3-BF4B-00C04F79EFBC}") = "AiEmployee.Domain", "src\AiEmployee.Domain\AiEmployee.Domain.csproj", "{F980FC85-775A-4465-BCB9-F59D992FD8E2}"
EndProject
Project("{FAE04EC0-301F-11D3-BF4B-00C04F79EFBC}") = "AiEmployee.Infrastructure", "src\AiEmployee.Infrastructure\AiEmployee.Infrastructure.csproj", "{6C8304B5-CF5C-4A55-95C6-6B235F0E0BC7}"
EndProject
Project("{2150E333-8FDC-42A3-9474-1A3956D46DE8}") = "tests", "tests", "{0AB3BF05-4346-4AA6-1389-037BE0695223}"
EndProject
Project("{FAE04EC0-301F-11D3-BF4B-00C04F79EFBC}") = "AiEmployee.UnitTests", "tests\AiEmployee.UnitTests\AiEmployee.UnitTests.csproj", "{F463200B-B497-472D-BA31-F5CA38A5A7F8}"
EndProject
Project("{FAE04EC0-301F-11D3-BF4B-00C04F79EFBC}") = "AiEmployee.IntegrationTests", "tests\AiEmployee.IntegrationTests\AiEmployee.IntegrationTests.csproj", "{B367341F-E741-4DDB-B3E1-746066BAA306}"
EndProject
Global
	GlobalSection(SolutionConfigurationPlatforms) = preSolution
		Debug|Any CPU = Debug|Any CPU
		Debug|x64 = Debug|x64
		Debug|x86 = Debug|x86
		Release|Any CPU = Release|Any CPU
		Release|x64 = Release|x64
		Release|x86 = Release|x86
	EndGlobalSection
	GlobalSection(ProjectConfigurationPlatforms) = postSolution
		{3FB34876-90FB-4AAE-88F9-1A5601A23214}.Debug|Any CPU.ActiveCfg = Debug|Any CPU
		{3FB34876-90FB-4AAE-88F9-1A5601A23214}.Debug|Any CPU.Build.0 = Debug|Any CPU
		{3FB34876-90FB-4AAE-88F9-1A5601A23214}.Debug|x64.ActiveCfg = Debug|Any CPU
		{3FB34876-90FB-4AAE-88F9-1A5601A23214}.Debug|x64.Build.0 = Debug|Any CPU
		{3FB34876-90FB-4AAE-88F9-1A5601A23214}.Debug|x86.ActiveCfg = Debug|Any CPU
		{3FB34876-90FB-4AAE-88F9-1A5601A23214}.Debug|x86.Build.0 = Debug|Any CPU
		{3FB34876-90FB-4AAE-88F9-1A5601A23214}.Release|Any CPU.ActiveCfg = Release|Any CPU
		{3FB34876-90FB-4AAE-88F9-1A5601A23214}.Release|Any CPU.Build.0 = Release|Any CPU
		{3FB34876-90FB-4AAE-88F9-1A5601A23214}.Release|x64.ActiveCfg = Release|Any CPU
		{3FB34876-90FB-4AAE-88F9-1A5601A23214}.Release|x64.Build.0 = Release|Any CPU
		{3FB34876-90FB-4AAE-88F9-1A5601A23214}.Release|x86.ActiveCfg = Release|Any CPU
		{3FB34876-90FB-4AAE-88F9-1A5601A23214}.Release|x86.Build.0 = Release|Any CPU
		{77A4A01C-8B96-4C3A-A7B1-9AAF19057F2D}.Debug|Any CPU.ActiveCfg = Debug|Any CPU
		{77A4A01C-8B96-4C3A-A7B1-9AAF19057F2D}.Debug|Any CPU.Build.0 = Debug|Any CPU
		{77A4A01C-8B96-4C3A-A7B1-9AAF19057F2D}.Debug|x64.ActiveCfg = Debug|Any CPU
		{77A4A01C-8B96-4C3A-A7B1-9AAF19057F2D}.Debug|x64.Build.0 = Debug|Any CPU
		{77A4A01C-8B96-4C3A-A7B1-9AAF19057F2D}.Debug|x86.ActiveCfg = Debug|Any CPU
		{77A4A01C-8B96-4C3A-A7B1-9AAF19057F2D}.Debug|x86.Build.0 = Debug|Any CPU
		{77A4A01C-8B96-4C3A-A7B1-9AAF19057F2D}.Release|Any CPU.ActiveCfg = Release|Any CPU
		{77A4A01C-8B96-4C3A-A7B1-9AAF19057F2D}.Release|Any CPU.Build.0 = Release|Any CPU
		{77A4A01C-8B96-4C3A-A7B1-9AAF19057F2D}.Release|x64.ActiveCfg = Release|Any CPU
		{77A4A01C-8B96-4C3A-A7B1-9AAF19057F2D}.Release|x64.Build.0 = Release|Any CPU
		{77A4A01C-8B96-4C3A-A7B1-9AAF19057F2D}.Release|x86.ActiveCfg = Release|Any CPU
		{77A4A01C-8B96-4C3A-A7B1-9AAF19057F2D}.Release|x86.Build.0 = Release|Any CPU
		{F980FC85-775A-4465-BCB9-F59D992FD8E2}.Debug|Any CPU.ActiveCfg = Debug|Any CPU
		{F980FC85-775A-4465-BCB9-F59D992FD8E2}.Debug|Any CPU.Build.0 = Debug|Any CPU
		{F980FC85-775A-4465-BCB9-F59D992FD8E2}.Debug|x64.ActiveCfg = Debug|Any CPU
		{F980FC85-775A-4465-BCB9-F59D992FD8E2}.Debug|x64.Build.0 = Debug|Any CPU
		{F980FC85-775A-4465-BCB9-F59D992FD8E2}.Debug|x86.ActiveCfg = Debug|Any CPU
		{F980FC85-775A-4465-BCB9-F59D992FD8E2}.Debug|x86.Build.0 = Debug|Any CPU
		{F980FC85-775A-4465-BCB9-F59D992FD8E2}.Release|Any CPU.ActiveCfg = Release|Any CPU
		{F980FC85-775A-4465-BCB9-F59D992FD8E2}.Release|Any CPU.Build.0 = Release|Any CPU
		{F980FC85-775A-4465-BCB9-F59D992FD8E2}.Release|x64.ActiveCfg = Release|Any CPU
		{F980FC85-775A-4465-BCB9-F59D992FD8E2}.Release|x64.Build.0 = Release|Any CPU
		{F980FC85-775A-4465-BCB9-F59D992FD8E2}.Release|x86.ActiveCfg = Release|Any CPU
		{F980FC85-775A-4465-BCB9-F59D992FD8E2}.Release|x86.Build.0 = Release|Any CPU
		{6C8304B5-CF5C-4A55-95C6-6B235F0E0BC7}.Debug|Any CPU.ActiveCfg = Debug|Any CPU
		{6C8304B5-CF5C-4A55-95C6-6B235F0E0BC7}.Debug|Any CPU.Build.0 = Debug|Any CPU
		{6C8304B5-CF5C-4A55-95C6-6B235F0E0BC7}.Debug|x64.ActiveCfg = Debug|Any CPU
		{6C8304B5-CF5C-4A55-95C6-6B235F0E0BC7}.Debug|x64.Build.0 = Debug|Any CPU
		{6C8304B5-CF5C-4A55-95C6-6B235F0E0BC7}.Debug|x86.ActiveCfg = Debug|Any CPU
		{6C8304B5-CF5C-4A55-95C6-6B235F0E0BC7}.Debug|x86.Build.0 = Debug|Any CPU
		{6C8304B5-CF5C-4A55-95C6-6B235F0E0BC7}.Release|Any CPU.ActiveCfg = Release|Any CPU
		{6C8304B5-CF5C-4A55-95C6-6B235F0E0BC7}.Release|Any CPU.Build.0 = Release|Any CPU
		{6C8304B5-CF5C-4A55-95C6-6B235F0E0BC7}.Release|x64.ActiveCfg = Release|Any CPU
		{6C8304B5-CF5C-4A55-95C6-6B235F0E0BC7}.Release|x64.Build.0 = Release|Any CPU
		{6C8304B5-CF5C-4A55-95C6-6B235F0E0BC7}.Release|x86.ActiveCfg = Release|Any CPU
		{6C8304B5-CF5C-4A55-95C6-6B235F0E0BC7}.Release|x86.Build.0 = Release|Any CPU
		{F463200B-B497-472D-BA31-F5CA38A5A7F8}.Debug|Any CPU.ActiveCfg = Debug|Any CPU
		{F463200B-B497-472D-BA31-F5CA38A5A7F8}.Debug|Any CPU.Build.0 = Debug|Any CPU
		{F463200B-B497-472D-BA31-F5CA38A5A7F8}.Debug|x64.ActiveCfg = Debug|Any CPU
		{F463200B-B497-472D-BA31-F5CA38A5A7F8}.Debug|x64.Build.0 = Debug|Any CPU
		{F463200B-B497-472D-BA31-F5CA38A5A7F8}.Debug|x86.ActiveCfg = Debug|Any CPU
		{F463200B-B497-472D-BA31-F5CA38A5A7F8}.Debug|x86.Build.0 = Debug|Any CPU
		{F463200B-B497-472D-BA31-F5CA38A5A7F8}.Release|Any CPU.ActiveCfg = Release|Any CPU
		{F463200B-B497-472D-BA31-F5CA38A5A7F8}.Release|Any CPU.Build.0 = Release|Any CPU
		{F463200B-B497-472D-BA31-F5CA38A5A7F8}.Release|x64.ActiveCfg = Release|Any CPU
		{F463200B-B497-472D-BA31-F5CA38A5A7F8}.Release|x64.Build.0 = Release|Any CPU
		{F463200B-B497-472D-BA31-F5CA38A5A7F8}.Release|x86.ActiveCfg = Release|Any CPU
		{F463200B-B497-472D-BA31-F5CA38A5A7F8}.Release|x86.Build.0 = Release|Any CPU
		{B367341F-E741-4DDB-B3E1-746066BAA306}.Debug|Any CPU.ActiveCfg = Debug|Any CPU
		{B367341F-E741-4DDB-B3E1-746066BAA306}.Debug|Any CPU.Build.0 = Debug|Any CPU
		{B367341F-E741-4DDB-B3E1-746066BAA306}.Debug|x64.ActiveCfg = Debug|Any CPU
		{B367341F-E741-4DDB-B3E1-746066BAA306}.Debug|x64.Build.0 = Debug|Any CPU
		{B367341F-E741-4DDB-B3E1-746066BAA306}.Debug|x86.ActiveCfg = Debug|Any CPU
		{B367341F-E741-4DDB-B3E1-746066BAA306}.Debug|x86.Build.0 = Debug|Any CPU
		{B367341F-E741-4DDB-B3E1-746066BAA306}.Release|Any CPU.ActiveCfg = Release|Any CPU
		{B367341F-E741-4DDB-B3E1-746066BAA306}.Release|Any CPU.Build.0 = Release|Any CPU
		{B367341F-E741-4DDB-B3E1-746066BAA306}.Release|x64.ActiveCfg = Release|Any CPU
		{B367341F-E741-4DDB-B3E1-746066BAA306}.Release|x64.Build.0 = Release|Any CPU
		{B367341F-E741-4DDB-B3E1-746066BAA306}.Release|x86.ActiveCfg = Release|Any CPU
		{B367341F-E741-4DDB-B3E1-746066BAA306}.Release|x86.Build.0 = Release|Any CPU
	EndGlobalSection
	GlobalSection(SolutionProperties) = preSolution
		HideSolutionNode = FALSE
	EndGlobalSection
	GlobalSection(NestedProjects) = preSolution
		{3FB34876-90FB-4AAE-88F9-1A5601A23214} = {827E0CD3-B72D-47B6-A68D-7590B98EB39B}
		{77A4A01C-8B96-4C3A-A7B1-9AAF19057F2D} = {827E0CD3-B72D-47B6-A68D-7590B98EB39B}
		{F980FC85-775A-4465-BCB9-F59D992FD8E2} = {827E0CD3-B72D-47B6-A68D-7590B98EB39B}
		{6C8304B5-CF5C-4A55-95C6-6B235F0E0BC7} = {827E0CD3-B72D-47B6-A68D-7590B98EB39B}
		{F463200B-B497-472D-BA31-F5CA38A5A7F8} = {0AB3BF05-4346-4AA6-1389-037BE0695223}
		{B367341F-E741-4DDB-B3E1-746066BAA306} = {0AB3BF05-4346-4AA6-1389-037BE0695223}
	EndGlobalSection
EndGlobal
